{
    "name": "express-tweet",
    "version": "0.0.1",
    "lockfileVersion": 1,
    "requires": true,
    "dependencies": {
        "call-bind": {
            "version": "1.0.2",
            "resolved": "https://registry.npm.taobao.org/call-bind/download/call-bind-1.0.2.tgz?cache=0&sync_timestamp=1610403232833&other_urls=https%3A%2F%2Fregistry.npm.taobao.org%2Fcall-bind%2Fdownload%2Fcall-bind-1.0.2.tgz",
            "integrity": "sha1-sdTonmiBGcPJqQOtMKuy9qkZvjw=",
            "requires": {
                "function-bind": "^1.1.1",
                "get-intrinsic": "^1.0.2"
            }
        },
        "commander": {
            "version": "2.1.0",
            "resolved": "https://registry.npm.taobao.org/commander/download/commander-2.1.0.tgz?cache=0&sync_timestamp=1616364569946&other_urls=https%3A%2F%2Fregistry.npm.taobao.org%2Fcommander%2Fdownload%2Fcommander-2.1.0.tgz",
            "integrity": "sha1-0SG7roYNmZKj1Re6lvVliOR8Z4E="
        },
        "connect": {
            "version": "1.8.7",
            "resolved": "https://registry.npm.taobao.org/connect/download/connect-1.8.7.tgz",
            "integrity": "sha1-tiAoGITUVfq5TGk9LbdIZS1sjBc=",
            "requires": {
                "formidable": "1.0.x",
                "mime": ">= 0.0.1",
                "qs": ">= 0.4.0"
            }
        },
        "express": {
            "version": "2.5.1",
            "resolved": "https://registry.npm.taobao.org/express/download/express-2.5.1.tgz",
            "integrity": "sha1-BkQoTCwhkmTilV/pRxfOe0Ys1dY=",
            "requires": {
                "connect": "1.8.x",
                "mime": ">= 0.0.1",
                "mkdirp": "0.0.7",
                "qs": ">= 0.3.1"
            }
        },
        "formidable": {
            "version": "1.0.16",
            "resolved": "https://registry.npm.taobao.org/formidable/download/formidable-1.0.16.tgz",
            "integrity": "sha1-SRbP38TL7QILJXpqlQWpqzjCzQ4="
        },
        "function-bind": {
            "version": "1.1.1",
            "resolved": "https://registry.npm.taobao.org/function-bind/download/function-bind-1.1.1.tgz",
            "integrity": "sha1-pWiZ0+o8m6uHS7l3O3xe3pL0iV0="
        },
        "get-intrinsic": {
            "version": "1.1.1",
            "resolved": "https://registry.npm.taobao.org/get-intrinsic/download/get-intrinsic-1.1.1.tgz?cache=0&sync_timestamp=1612364352840&other_urls=https%3A%2F%2Fregistry.npm.taobao.org%2Fget-intrinsic%2Fdownload%2Fget-intrinsic-1.1.1.tgz",
            "integrity": "sha1-FfWfN2+FXERpY5SPDSTNNje0q8Y=",
            "requires": {
                "function-bind": "^1.1.1",
                "has": "^1.0.3",
                "has-symbols": "^1.0.1"
            }
        },
        "has": {
            "version": "1.0.3",
            "resolved": "https://registry.npm.taobao.org/has/download/has-1.0.3.tgz",
            "integrity": "sha1-ci18v8H2qoJB8W3YFOAR4fQeh5Y=",
            "requires": {
                "function-bind": "^1.1.1"
            }
        },
        "has-symbols": {
            "version": "1.0.2",
            "resolved": "https://registry.npm.taobao.org/has-symbols/download/has-symbols-1.0.2.tgz",
            "integrity": "sha1-Fl0wcMADCXUqEjakeTMeOsVvFCM="
        },
        "mime": {
            "version": "2.5.2",
            "resolved": "https://registry.npm.taobao.org/mime/download/mime-2.5.2.tgz?cache=0&sync_timestamp=1613584838235&other_urls=https%3A%2F%2Fregistry.npm.taobao.org%2Fmime%2Fdownload%2Fmime-2.5.2.tgz",
            "integrity": "sha1-bj3GzCuVEGQ4MOXxnVy3U9pe6r4="
        },
        "mkdirp": {
            "version": "0.0.7",
            "resolved": "https://registry.npm.taobao.org/mkdirp/download/mkdirp-0.0.7.tgz",
            "integrity": "sha1-2JtPDkw+XlylQjWTFnXglP4aUHI="
        },
        "nan": {
            "version": "1.0.0",
            "resolved": "https://registry.npm.taobao.org/nan/download/nan-1.0.0.tgz?cache=0&sync_timestamp=1602591709094&other_urls=https%3A%2F%2Fregistry.npm.taobao.org%2Fnan%2Fdownload%2Fnan-1.0.0.tgz",
            "integrity": "sha1-riT4hQgY1mL8q1rPfzuVv6oszzg="
        },
        "object-inspect": {
            "version": "1.9.0",
            "resolved": "https://registry.npm.taobao.org/object-inspect/download/object-inspect-1.9.0.tgz?cache=0&sync_timestamp=1606804307501&other_urls=https%3A%2F%2Fregistry.npm.taobao.org%2Fobject-inspect%2Fdownload%2Fobject-inspect-1.9.0.tgz",
            "integrity": "sha1-yQUh104RJ7ZyZt7TOUrWEWmGUzo="
        },
        "options": {
            "version": "0.0.6",
            "resolved": "https://registry.npm.taobao.org/options/download/options-0.0.6.tgz",
            "integrity": "sha1-7CLTEoBrtT5zF3Pnza788cZDEo8="
        },
        "qs": {
            "version": "6.10.1",
            "resolved": "https://registry.npm.taobao.org/qs/download/qs-6.10.1.tgz",
            "integrity": "sha1-STFIL6jWR6Wqt5nFJx0hM7mB+2o=",
            "requires": {
                "side-channel": "^1.0.4"
            }
        },
        "side-channel": {
            "version": "1.0.4",
            "resolved": "https://registry.npm.taobao.org/side-channel/download/side-channel-1.0.4.tgz",
            "integrity": "sha1-785cj9wQTudRslxY1CkAEfpeos8=",
            "requires": {
                "call-bind": "^1.0.0",
                "get-intrinsic": "^1.0.2",
                "object-inspect": "^1.9.0"
            }
        },
        "tinycolor": {
            "version": "0.0.1",
            "resolved": "https://registry.npm.taobao.org/tinycolor/download/tinycolor-0.0.1.tgz",
            "integrity": "sha1-MgtaUtg6u1l42Bo+iH1K77FaYWQ="
        },
        "websocket.io": {
            "version": "0.1.6",
            "resolved": "https://registry.npm.taobao.org/websocket.io/download/websocket.io-0.1.6.tgz",
            "integrity": "sha1-UODkfnNUitBzkvXzSCFSvILPml4=",
            "requires": {
                "ws": "0.4.x"
            }
        },
        "ws": {
            "version": "0.4.32",
            "resolved": "https://registry.npm.taobao.org/ws/download/ws-0.4.32.tgz",
            "integrity": "sha1-eHphVEFPPJntg8V3IVOyD+sM7DI=",
            "requires": {
                "commander": "~2.1.0",
                "nan": "~1.0.0",
                "options": ">=0.0.5",
                "tinycolor": "0.x"
            }
        }
    }
}
